<?xml version="1.0" encoding="UTF-8" standalone="yes" ?>
<CodeBlocks_project_file>
	<FileVersion major="1" minor="6" />
	<Project>
		<Option title="rampholdconverter" />
		<Option makefile_is_custom="1" />
		<Option pch_mode="2" />
		<Option compiler="gcc" />
		<Build>
			<Target title="Release">
				<Option output="src/rampholdconverter" prefix_auto="1" extension_auto="1" />
				<Option object_output="obj/Release/" />
				<Option type="1" />
				<Option compiler="gcc" />
				<Compiler>
					<Add option="-O2" />
				</Compiler>
				<Linker>
					<Add option="-s" />
				</Linker>
				<MakeCommands>
					<Build command="$make -f $makefile $target" />
					<CompileFile command="$make -f $makefile $file" />
					<Clean command="$make -f $makefile clean" />
					<DistClean command="$make -f $makefile distclean" />
				</MakeCommands>
			</Target>
		</Build>
		<Compiler>
			<Add option="-Wall" />
		</Compiler>
		<Unit filename="AUTHORS" />
		<Unit filename="COPYING" />
		<Unit filename="ChangeLog" />
		<Unit filename="INSTALL" />
		<Unit filename="Makefile.am" />
		<Unit filename="NEWS" />
		<Unit filename="README" />
		<Unit filename="THANKS" />
		<Unit filename="config.h" />
		<Unit filename="configure.ac" />
		<Unit filename="configure.scan" />
		<Unit filename="doc/Makefile.am" />
		<Unit filename="m4/Makefile.am" />
		<Unit filename="src/Makefile.am" />
		<Unit filename="src/main.c">
			<Option compilerVar="CC" />
		</Unit>
		<Unit filename="src/nav_iplib.c">
			<Option compilerVar="CC" />
		</Unit>
		<Unit filename="src/nav_iplib.h" />
		<Unit filename="src/reposn.c">
			<Option compilerVar="CC" />
		</Unit>
		<Unit filename="src/reposn.h" />
		<Unit filename="src/usage.c">
			<Option compilerVar="CC" />
		</Unit>
		<Unit filename="src/usage.h" />
		<Unit filename="src/utils.c">
			<Option compilerVar="CC" />
		</Unit>
		<Unit filename="src/utils.h" />
		<Extensions>
			<envvars />
			<code_completion />
			<debugger />
			<lib_finder disable_auto="1" />
		</Extensions>
	</Project>
</CodeBlocks_project_file>
